
Microsoft Visual Studio Solution File, Format Version 12.00
# Visual Studio Version 17
VisualStudioVersion = 17.5.33530.505
MinimumVisualStudioVersion = 10.0.40219.1
Project("{9A19103F-16F7-4668-BE54-9A1E7A4F7556}") = "Treehoot_API", "Treehoot_API\Treehoot_API.csproj", "{F3B9FE03-220E-440A-823E-E20945BC7B29}"
	ProjectSection(ProjectDependencies) = postProject
		{C3E4F09E-C50D-4D56-9DA4-BD919C69AFDA} = {C3E4F09E-C50D-4D56-9DA4-BD919C69AFDA}
	EndProjectSection
EndProject
Project("{FAE04EC0-301F-11D3-BF4B-00C04F79EFBC}") = "Treehoot.Domain", "Treehoot.Domain\Treehoot.Domain.csproj", "{C3E4F09E-C50D-4D56-9DA4-BD919C69AFDA}"
EndProject
Global
	GlobalSection(SolutionConfigurationPlatforms) = preSolution
		Debug|Any CPU = Debug|Any CPU
		Release|Any CPU = Release|Any CPU
	EndGlobalSection
	GlobalSection(ProjectConfigurationPlatforms) = postSolution
		{F3B9FE03-220E-440A-823E-E20945BC7B29}.Debug|Any CPU.ActiveCfg = Debug|Any CPU
		{F3B9FE03-220E-440A-823E-E20945BC7B29}.Debug|Any CPU.Build.0 = Debug|Any CPU
		{F3B9FE03-220E-440A-823E-E20945BC7B29}.Release|Any CPU.ActiveCfg = Release|Any CPU
		{F3B9FE03-220E-440A-823E-E20945BC7B29}.Release|Any CPU.Build.0 = Release|Any CPU
		{C3E4F09E-C50D-4D56-9DA4-BD919C69AFDA}.Debug|Any CPU.ActiveCfg = Debug|Any CPU
		{C3E4F09E-C50D-4D56-9DA4-BD919C69AFDA}.Debug|Any CPU.Build.0 = Debug|Any CPU
		{C3E4F09E-C50D-4D56-9DA4-BD919C69AFDA}.Release|Any CPU.ActiveCfg = Release|Any CPU
		{C3E4F09E-C50D-4D56-9DA4-BD919C69AFDA}.Release|Any CPU.Build.0 = Release|Any CPU
	EndGlobalSection
	GlobalSection(SolutionProperties) = preSolution
		HideSolutionNode = FALSE
	EndGlobalSection
	GlobalSection(ExtensibilityGlobals) = postSolution
		SolutionGuid = {79064176-C4CE-4FA4-A9CB-64D4EAD6F017}
	EndGlobalSection
EndGlobal
