
Microsoft Visual Studio Solution File, Format Version 12.00
# Visual Studio Version 17
VisualStudioVersion = 17.5.33530.505
MinimumVisualStudioVersion = 10.0.40219.1
Project("{9A19103F-16F7-4668-BE54-9A1E7A4F7556}") = "Treehoot.Api", "Treehoot_API\Treehoot.Api.csproj", "{F3B9FE03-220E-440A-823E-E20945BC7B29}"
	ProjectSection(ProjectDependencies) = postProject
		{8BDDAC5F-9F91-460A-8999-1C6D75BE604D} = {8BDDAC5F-9F91-460A-8999-1C6D75BE604D}
		{DDD28F1C-7522-425B-B7F0-EE2EDAC3DDE9} = {DDD28F1C-7522-425B-B7F0-EE2EDAC3DDE9}
	EndProjectSection
EndProject
Project("{9A19103F-16F7-4668-BE54-9A1E7A4F7556}") = "Treehoot.Domain", "Treehoot.Domain\Treehoot.Domain.csproj", "{DDD28F1C-7522-425B-B7F0-EE2EDAC3DDE9}"
EndProject
Project("{9A19103F-16F7-4668-BE54-9A1E7A4F7556}") = "Treehoot.Application", "Treehoot.Application\Treehoot.Application.csproj", "{8BDDAC5F-9F91-460A-8999-1C6D75BE604D}"
	ProjectSection(ProjectDependencies) = postProject
		{DDD28F1C-7522-425B-B7F0-EE2EDAC3DDE9} = {DDD28F1C-7522-425B-B7F0-EE2EDAC3DDE9}
	EndProjectSection
EndProject
Project("{FAE04EC0-301F-11D3-BF4B-00C04F79EFBC}") = "Treehoot.Tests", "Treehoot.Tests\Treehoot.Tests.csproj", "{1C8B191D-BD34-44E8-AB74-0C740AE08B6C}"
EndProject
Global
	GlobalSection(SolutionConfigurationPlatforms) = preSolution
		Debug|Any CPU = Debug|Any CPU
		Release|Any CPU = Release|Any CPU
	EndGlobalSection
	GlobalSection(ProjectConfigurationPlatforms) = postSolution
		{F3B9FE03-220E-440A-823E-E20945BC7B29}.Debug|Any CPU.ActiveCfg = Debug|Any CPU
		{F3B9FE03-220E-440A-823E-E20945BC7B29}.Debug|Any CPU.Build.0 = Debug|Any CPU
		{F3B9FE03-220E-440A-823E-E20945BC7B29}.Release|Any CPU.ActiveCfg = Release|Any CPU
		{F3B9FE03-220E-440A-823E-E20945BC7B29}.Release|Any CPU.Build.0 = Release|Any CPU
		{DDD28F1C-7522-425B-B7F0-EE2EDAC3DDE9}.Debug|Any CPU.ActiveCfg = Debug|Any CPU
		{DDD28F1C-7522-425B-B7F0-EE2EDAC3DDE9}.Debug|Any CPU.Build.0 = Debug|Any CPU
		{DDD28F1C-7522-425B-B7F0-EE2EDAC3DDE9}.Release|Any CPU.ActiveCfg = Release|Any CPU
		{DDD28F1C-7522-425B-B7F0-EE2EDAC3DDE9}.Release|Any CPU.Build.0 = Release|Any CPU
		{8BDDAC5F-9F91-460A-8999-1C6D75BE604D}.Debug|Any CPU.ActiveCfg = Debug|Any CPU
		{8BDDAC5F-9F91-460A-8999-1C6D75BE604D}.Debug|Any CPU.Build.0 = Debug|Any CPU
		{8BDDAC5F-9F91-460A-8999-1C6D75BE604D}.Release|Any CPU.ActiveCfg = Release|Any CPU
		{8BDDAC5F-9F91-460A-8999-1C6D75BE604D}.Release|Any CPU.Build.0 = Release|Any CPU
		{1C8B191D-BD34-44E8-AB74-0C740AE08B6C}.Debug|Any CPU.ActiveCfg = Debug|Any CPU
		{1C8B191D-BD34-44E8-AB74-0C740AE08B6C}.Debug|Any CPU.Build.0 = Debug|Any CPU
		{1C8B191D-BD34-44E8-AB74-0C740AE08B6C}.Release|Any CPU.ActiveCfg = Release|Any CPU
		{1C8B191D-BD34-44E8-AB74-0C740AE08B6C}.Release|Any CPU.Build.0 = Release|Any CPU
	EndGlobalSection
	GlobalSection(SolutionProperties) = preSolution
		HideSolutionNode = FALSE
	EndGlobalSection
	GlobalSection(ExtensibilityGlobals) = postSolution
		SolutionGuid = {79064176-C4CE-4FA4-A9CB-64D4EAD6F017}
	EndGlobalSection
EndGlobal
